// !$*UTF8*$!
{
	archiveVersion = 1;
	classes = {
	};
	objectVersion = 50;
	objects = {

/* Begin PBXBuildFile section */
		746E65C7252405C70041AEE0 /* AppDelegate.swift in Sources */ = {isa = PBXBuildFile; fileRef = 746E65C6252405C70041AEE0 /* AppDelegate.swift */; };
		746E65C9252405C70041AEE0 /* ContentView.swift in Sources */ = {isa = PBXBuildFile; fileRef = 746E65C8252405C70041AEE0 /* ContentView.swift */; };
		746E65CB252405C90041AEE0 /* Assets.xcassets in Resources */ = {isa = PBXBuildFile; fileRef = 746E65CA252405C90041AEE0 /* Assets.xcassets */; };
		746E65CE252405C90041AEE0 /* Preview Assets.xcassets in Resources */ = {isa = PBXBuildFile; fileRef = 746E65CD252405C90041AEE0 /* Preview Assets.xcassets */; };
		746E65D1252405C90041AEE0 /* Main.storyboard in Resources */ = {isa = PBXBuildFile; fileRef = 746E65CF252405C90041AEE0 /* Main.storyboard */; };
		746E65DB252406410041AEE0 /* MyMetalView.swift in Sources */ = {isa = PBXBuildFile; fileRef = 746E65DA252406410041AEE0 /* MyMetalView.swift */; };
		746E65DE252408FF0041AEE0 /* MyRenderer.swift in Sources */ = {isa = PBXBuildFile; fileRef = 746E65DD252408FF0041AEE0 /* MyRenderer.swift */; };
		746E65E1252438EB0041AEE0 /* MyShader.metal in Sources */ = {isa = PBXBuildFile; fileRef = 746E65E0252438EB0041AEE0 /* MyShader.metal */; };
		746E65EB2525371A0041AEE0 /* MyCircle.swift in Sources */ = {isa = PBXBuildFile; fileRef = 746E65EA2525371A0041AEE0 /* MyCircle.swift */; };
/* End PBXBuildFile section */

/* Begin PBXFileReference section */
		746E65C3252405C70041AEE0 /* playMetal.app */ = {isa = PBXFileReference; explicitFileType = wrapper.application; includeInIndex = 0; path = playMetal.app; sourceTree = BUILT_PRODUCTS_DIR; };
		746E65C6252405C70041AEE0 /* AppDelegate.swift */ = {isa = PBXFileReference; lastKnownFileType = sourcecode.swift; path = AppDelegate.swift; sourceTree = "<group>"; };
		746E65C8252405C70041AEE0 /* ContentView.swift */ = {isa = PBXFileReference; lastKnownFileType = sourcecode.swift; path = ContentView.swift; sourceTree = "<group>"; };
		746E65CA252405C90041AEE0 /* Assets.xcassets */ = {isa = PBXFileReference; lastKnownFileType = folder.assetcatalog; path = Assets.xcassets; sourceTree = "<group>"; };
		746E65CD252405C90041AEE0 /* Preview Assets.xcassets */ = {isa = PBXFileReference; lastKnownFileType = folder.assetcatalog; path = "Preview Assets.xcassets"; sourceTree = "<group>"; };
		746E65D0252405C90041AEE0 /* Base */ = {isa = PBXFileReference; lastKnownFileType = file.storyboard; name = Base; path = Base.lproj/Main.storyboard; sourceTree = "<group>"; };
		746E65D2252405C90041AEE0 /* Info.plist */ = {isa = PBXFileReference; lastKnownFileType = text.plist.xml; path = Info.plist; sourceTree = "<group>"; };
		746E65D3252405C90041AEE0 /* playMetal.entitlements */ = {isa = PBXFileReference; lastKnownFileType = text.plist.entitlements; path = playMetal.entitlements; sourceTree = "<group>"; };
		746E65DA252406410041AEE0 /* MyMetalView.swift */ = {isa = PBXFileReference; lastKnownFileType = sourcecode.swift; path = MyMetalView.swift; sourceTree = "<group>"; };
		746E65DD252408FF0041AEE0 /* MyRenderer.swift */ = {isa = PBXFileReference; lastKnownFileType = sourcecode.swift; path = MyRenderer.swift; sourceTree = "<group>"; };
		746E65E0252438EB0041AEE0 /* MyShader.metal */ = {isa = PBXFileReference; lastKnownFileType = sourcecode.metal; path = MyShader.metal; sourceTree = "<group>"; };
		746E65EA2525371A0041AEE0 /* MyCircle.swift */ = {isa = PBXFileReference; lastKnownFileType = sourcecode.swift; path = MyCircle.swift; sourceTree = "<group>"; };
/* End PBXFileReference section */

/* Begin PBXFrameworksBuildPhase section */
		746E65C0252405C70041AEE0 /* Frameworks */ = {
			isa = PBXFrameworksBuildPhase;
			buildActionMask = 2147483647;
			files = (
			);
			runOnlyForDeploymentPostprocessing = 0;
		};
/* End PBXFrameworksBuildPhase section */

/* Begin PBXGroup section */
		746E65BA252405C70041AEE0 = {
			isa = PBXGroup;
			children = (
				746E65C5252405C70041AEE0 /* playMetal */,
				746E65C4252405C70041AEE0 /* Products */,
			);
			sourceTree = "<group>";
		};
		746E65C4252405C70041AEE0 /* Products */ = {
			isa = PBXGroup;
			children = (
				746E65C3252405C70041AEE0 /* playMetal.app */,
			);
			name = Products;
			sourceTree = "<group>";
		};
		746E65C5252405C70041AEE0 /* playMetal */ = {
			isa = PBXGroup;
			children = (
				746E65C6252405C70041AEE0 /* AppDelegate.swift */,
				746E65C8252405C70041AEE0 /* ContentView.swift */,
				746E65DA252406410041AEE0 /* MyMetalView.swift */,
				746E65DD252408FF0041AEE0 /* MyRenderer.swift */,
				746E65EA2525371A0041AEE0 /* MyCircle.swift */,
				746E65E0252438EB0041AEE0 /* MyShader.metal */,
				746E65CA252405C90041AEE0 /* Assets.xcassets */,
				746E65CF252405C90041AEE0 /* Main.storyboard */,
				746E65D2252405C90041AEE0 /* Info.plist */,
				746E65D3252405C90041AEE0 /* playMetal.entitlements */,
				746E65CC252405C90041AEE0 /* Preview Content */,
			);
			path = playMetal;
			sourceTree = "<group>";
		};
		746E65CC252405C90041AEE0 /* Preview Content */ = {
			isa = PBXGroup;
			children = (
				746E65CD252405C90041AEE0 /* Preview Assets.xcassets */,
			);
			path = "Preview Content";
			sourceTree = "<group>";
		};
/* End PBXGroup section */

/* Begin PBXNativeTarget section */
		746E65C2252405C70041AEE0 /* playMetal */ = {
			isa = PBXNativeTarget;
			buildConfigurationList = 746E65D6252405C90041AEE0 /* Build configuration list for PBXNativeTarget "playMetal" */;
			buildPhases = (
				746E65BF252405C70041AEE0 /* Sources */,
				746E65C0252405C70041AEE0 /* Frameworks */,
				746E65C1252405C70041AEE0 /* Resources */,
			);
			buildRules = (
			);
			dependencies = (
			);
			name = playMetal;
			productName = playMetal;
			productReference = 746E65C3252405C70041AEE0 /* playMetal.app */;
			productType = "com.apple.product-type.application";
		};
/* End PBXNativeTarget section */

/* Begin PBXProject section */
		746E65BB252405C70041AEE0 /* Project object */ = {
			isa = PBXProject;
			attributes = {
				LastSwiftUpdateCheck = 1200;
				LastUpgradeCheck = 1200;
				TargetAttributes = {
					746E65C2252405C70041AEE0 = {
						CreatedOnToolsVersion = 12.0;
					};
				};
			};
			buildConfigurationList = 746E65BE252405C70041AEE0 /* Build configuration list for PBXProject "playMetal" */;
			compatibilityVersion = "Xcode 9.3";
			developmentRegion = en;
			hasScannedForEncodings = 0;
			knownRegions = (
				en,
				Base,
			);
			mainGroup = 746E65BA252405C70041AEE0;
			productRefGroup = 746E65C4252405C70041AEE0 /* Products */;
			projectDirPath = "";
			projectRoot = "";
			targets = (
				746E65C2252405C70041AEE0 /* playMetal */,
			);
		};
/* End PBXProject section */

/* Begin PBXResourcesBuildPhase section */
		746E65C1252405C70041AEE0 /* Resources */ = {
			isa = PBXResourcesBuildPhase;
			buildActionMask = 2147483647;
			files = (
				746E65D1252405C90041AEE0 /* Main.storyboard in Resources */,
				746E65CE252405C90041AEE0 /* Preview Assets.xcassets in Resources */,
				746E65CB252405C90041AEE0 /* Assets.xcassets in Resources */,
			);
			runOnlyForDeploymentPostprocessing = 0;
		};
/* End PBXResourcesBuildPhase section */

/* Begin PBXSourcesBuildPhase section */
		746E65BF252405C70041AEE0 /* Sources */ = {
			isa = PBXSourcesBuildPhase;
			buildActionMask = 2147483647;
			files = (
				746E65DE252408FF0041AEE0 /* MyRenderer.swift in Sources */,
				746E65EB2525371A0041AEE0 /* MyCircle.swift in Sources */,
				746E65E1252438EB0041AEE0 /* MyShader.metal in Sources */,
				746E65C9252405C70041AEE0 /* ContentView.swift in Sources */,
				746E65C7252405C70041AEE0 /* AppDelegate.swift in Sources */,
				746E65DB252406410041AEE0 /* MyMetalView.swift in Sources */,
			);
			runOnlyForDeploymentPostprocessing = 0;
		};
/* End PBXSourcesBuildPhase section */

/* Begin PBXVariantGroup section */
		746E65CF252405C90041AEE0 /* Main.storyboard */ = {
			isa = PBXVariantGroup;
			children = (
				746E65D0252405C90041AEE0 /* Base */,
			);
			name = Main.storyboard;
			sourceTree = "<group>";
		};
/* End PBXVariantGroup section */

/* Begin XCBuildConfiguration section */
		746E65D4252405C90041AEE0 /* Debug */ = {
			isa = XCBuildConfiguration;
			buildSettings = {
				ALWAYS_SEARCH_USER_PATHS = NO;
				CLANG_ANALYZER_NONNULL = YES;
				CLANG_ANALYZER_NUMBER_OBJECT_CONVERSION = YES_AGGRESSIVE;
				CLANG_CXX_LANGUAGE_STANDARD = "gnu++14";
				CLANG_CXX_LIBRARY = "libc++";
				CLANG_ENABLE_MODULES = YES;
				CLANG_ENABLE_OBJC_ARC = YES;
				CLANG_ENABLE_OBJC_WEAK = YES;
				CLANG_WARN_BLOCK_CAPTURE_AUTORELEASING = YES;
				CLANG_WARN_BOOL_CONVERSION = YES;
				CLANG_WARN_COMMA = YES;
				CLANG_WARN_CONSTANT_CONVERSION = YES;
				CLANG_WARN_DEPRECATED_OBJC_IMPLEMENTATIONS = YES;
				CLANG_WARN_DIRECT_OBJC_ISA_USAGE = YES_ERROR;
				CLANG_WARN_DOCUMENTATION_COMMENTS = YES;
				CLANG_WARN_EMPTY_BODY = YES;
				CLANG_WARN_ENUM_CONVERSION = YES;
				CLANG_WARN_INFINITE_RECURSION = YES;
				CLANG_WARN_INT_CONVERSION = YES;
				CLANG_WARN_NON_LITERAL_NULL_CONVERSION = YES;
				CLANG_WARN_OBJC_IMPLICIT_RETAIN_SELF = YES;
				CLANG_WARN_OBJC_LITERAL_CONVERSION = YES;
				CLANG_WARN_OBJC_ROOT_CLASS = YES_ERROR;
				CLANG_WARN_QUOTED_INCLUDE_IN_FRAMEWORK_HEADER = YES;
				CLANG_WARN_RANGE_LOOP_ANALYSIS = YES;
				CLANG_WARN_STRICT_PROTOTYPES = YES;
				CLANG_WARN_SUSPICIOUS_MOVE = YES;
				CLANG_WARN_UNGUARDED_AVAILABILITY = YES_AGGRESSIVE;
				CLANG_WARN_UNREACHABLE_CODE = YES;
				CLANG_WARN__DUPLICATE_METHOD_MATCH = YES;
				COPY_PHASE_STRIP = NO;
				DEBUG_INFORMATION_FORMAT = dwarf;
				ENABLE_STRICT_OBJC_MSGSEND = YES;
				ENABLE_TESTABILITY = YES;
				GCC_C_LANGUAGE_STANDARD = gnu11;
				GCC_DYNAMIC_NO_PIC = NO;
				GCC_NO_COMMON_BLOCKS = YES;
				GCC_OPTIMIZATION_LEVEL = 0;
				GCC_PREPROCESSOR_DEFINITIONS = (
					"DEBUG=1",
					"$(inherited)",
				);
				GCC_WARN_64_TO_32_BIT_CONVERSION = YES;
				GCC_WARN_ABOUT_RETURN_TYPE = YES_ERROR;
				GCC_WARN_UNDECLARED_SELECTOR = YES;
				GCC_WARN_UNINITIALIZED_AUTOS = YES_AGGRESSIVE;
				GCC_WARN_UNUSED_FUNCTION = YES;
				GCC_WARN_UNUSED_VARIABLE = YES;
				MACOSX_DEPLOYMENT_TARGET = 10.15;
				MTL_ENABLE_DEBUG_INFO = INCLUDE_SOURCE;
				MTL_FAST_MATH = YES;
				ONLY_ACTIVE_ARCH = YES;
				SDKROOT = macosx;
				SWIFT_ACTIVE_COMPILATION_CONDITIONS = DEBUG;
				SWIFT_OPTIMIZATION_LEVEL = "-Onone";
			};
			name = Debug;
		};
		746E65D5252405C90041AEE0 /* Release */ = {
			isa = XCBuildConfiguration;
			buildSettings = {
				ALWAYS_SEARCH_USER_PATHS = NO;
				CLANG_ANALYZER_NONNULL = YES;
				CLANG_ANALYZER_NUMBER_OBJECT_CONVERSION = YES_AGGRESSIVE;
				CLANG_CXX_LANGUAGE_STANDARD = "gnu++14";
				CLANG_CXX_LIBRARY = "libc++";
				CLANG_ENABLE_MODULES = YES;
				CLANG_ENABLE_OBJC_ARC = YES;
				CLANG_ENABLE_OBJC_WEAK = YES;
				CLANG_WARN_BLOCK_CAPTURE_AUTORELEASING = YES;
				CLANG_WARN_BOOL_CONVERSION = YES;
				CLANG_WARN_COMMA = YES;
				CLANG_WARN_CONSTANT_CONVERSION = YES;
				CLANG_WARN_DEPRECATED_OBJC_IMPLEMENTATIONS = YES;
				CLANG_WARN_DIRECT_OBJC_ISA_USAGE = YES_ERROR;
				CLANG_WARN_DOCUMENTATION_COMMENTS = YES;
				CLANG_WARN_EMPTY_BODY = YES;
				CLANG_WARN_ENUM_CONVERSION = YES;
				CLANG_WARN_INFINITE_RECURSION = YES;
				CLANG_WARN_INT_CONVERSION = YES;
				CLANG_WARN_NON_LITERAL_NULL_CONVERSION = YES;
				CLANG_WARN_OBJC_IMPLICIT_RETAIN_SELF = YES;
				CLANG_WARN_OBJC_LITERAL_CONVERSION = YES;
				CLANG_WARN_OBJC_ROOT_CLASS = YES_ERROR;
				CLANG_WARN_QUOTED_INCLUDE_IN_FRAMEWORK_HEADER = YES;
				CLANG_WARN_RANGE_LOOP_ANALYSIS = YES;
				CLANG_WARN_STRICT_PROTOTYPES = YES;
				CLANG_WARN_SUSPICIOUS_MOVE = YES;
				CLANG_WARN_UNGUARDED_AVAILABILITY = YES_AGGRESSIVE;
				CLANG_WARN_UNREACHABLE_CODE = YES;
				CLANG_WARN__DUPLICATE_METHOD_MATCH = YES;
				COPY_PHASE_STRIP = NO;
				DEBUG_INFORMATION_FORMAT = "dwarf-with-dsym";
				ENABLE_NS_ASSERTIONS = NO;
				ENABLE_STRICT_OBJC_MSGSEND = YES;
				GCC_C_LANGUAGE_STANDARD = gnu11;
				GCC_NO_COMMON_BLOCKS = YES;
				GCC_WARN_64_TO_32_BIT_CONVERSION = YES;
				GCC_WARN_ABOUT_RETURN_TYPE = YES_ERROR;
				GCC_WARN_UNDECLARED_SELECTOR = YES;
				GCC_WARN_UNINITIALIZED_AUTOS = YES_AGGRESSIVE;
				GCC_WARN_UNUSED_FUNCTION = YES;
				GCC_WARN_UNUSED_VARIABLE = YES;
				MACOSX_DEPLOYMENT_TARGET = 10.15;
				MTL_ENABLE_DEBUG_INFO = NO;
				MTL_FAST_MATH = YES;
				SDKROOT = macosx;
				SWIFT_COMPILATION_MODE = wholemodule;
				SWIFT_OPTIMIZATION_LEVEL = "-O";
			};
			name = Release;
		};
		746E65D7252405C90041AEE0 /* Debug */ = {
			isa = XCBuildConfiguration;
			buildSettings = {
				ASSETCATALOG_COMPILER_APPICON_NAME = AppIcon;
				ASSETCATALOG_COMPILER_GLOBAL_ACCENT_COLOR_NAME = AccentColor;
				CODE_SIGN_ENTITLEMENTS = playMetal/playMetal.entitlements;
				CODE_SIGN_STYLE = Automatic;
				COMBINE_HIDPI_IMAGES = YES;
				DEVELOPMENT_ASSET_PATHS = "\"playMetal/Preview Content\"";
				DEVELOPMENT_TEAM = H34BY2CCCD;
				ENABLE_HARDENED_RUNTIME = YES;
				ENABLE_PREVIEWS = YES;
				INFOPLIST_FILE = playMetal/Info.plist;
				LD_RUNPATH_SEARCH_PATHS = (
					"$(inherited)",
					"@executable_path/../Frameworks",
				);
				MACOSX_DEPLOYMENT_TARGET = 10.15;
				PRODUCT_BUNDLE_IDENTIFIER = org.singularitysociety.playMetal;
				PRODUCT_NAME = "$(TARGET_NAME)";
				SWIFT_VERSION = 5.0;
			};
			name = Debug;
		};
		746E65D8252405C90041AEE0 /* Release */ = {
			isa = XCBuildConfiguration;
			buildSettings = {
				ASSETCATALOG_COMPILER_APPICON_NAME = AppIcon;
				ASSETCATALOG_COMPILER_GLOBAL_ACCENT_COLOR_NAME = AccentColor;
				CODE_SIGN_ENTITLEMENTS = playMetal/playMetal.entitlements;
				CODE_SIGN_STYLE = Automatic;
				COMBINE_HIDPI_IMAGES = YES;
				DEVELOPMENT_ASSET_PATHS = "\"playMetal/Preview Content\"";
				DEVELOPMENT_TEAM = H34BY2CCCD;
				ENABLE_HARDENED_RUNTIME = YES;
				ENABLE_PREVIEWS = YES;
				INFOPLIST_FILE = playMetal/Info.plist;
				LD_RUNPATH_SEARCH_PATHS = (
					"$(inherited)",
					"@executable_path/../Frameworks",
				);
				MACOSX_DEPLOYMENT_TARGET = 10.15;
				PRODUCT_BUNDLE_IDENTIFIER = org.singularitysociety.playMetal;
				PRODUCT_NAME = "$(TARGET_NAME)";
				SWIFT_VERSION = 5.0;
			};
			name = Release;
		};
/* End XCBuildConfiguration section */

/* Begin XCConfigurationList section */
		746E65BE252405C70041AEE0 /* Build configuration list for PBXProject "playMetal" */ = {
			isa = XCConfigurationList;
			buildConfigurations = (
				746E65D4252405C90041AEE0 /* Debug */,
				746E65D5252405C90041AEE0 /* Release */,
			);
			defaultConfigurationIsVisible = 0;
			defaultConfigurationName = Release;
		};
		746E65D6252405C90041AEE0 /* Build configuration list for PBXNativeTarget "playMetal" */ = {
			isa = XCConfigurationList;
			buildConfigurations = (
				746E65D7252405C90041AEE0 /* Debug */,
				746E65D8252405C90041AEE0 /* Release */,
			);
			defaultConfigurationIsVisible = 0;
			defaultConfigurationName = Release;
		};
/* End XCConfigurationList section */
	};
	rootObject = 746E65BB252405C70041AEE0 /* Project object */;
}
